<?xml version="1.0" encoding="utf-8"?>
<Project ToolsVersion="4.0" xmlns="http://schemas.microsoft.com/developer/msbuild/2003">
  <ItemGroup>
    <ClCompile Include="main.cpp" />
    <ClCompile Include="GlobalVariables\GlobalVariables.cpp">
      <Filter>GlobalVariables</Filter>
    </ClCompile>
    <ClCompile Include="SceneManager\SceneManager.cpp">
      <Filter>SceneManager</Filter>
    </ClCompile>
    <ClCompile Include="SceneManager\GameScene\GameScene.cpp">
      <Filter>SceneManager\GameScene</Filter>
    </ClCompile>
    <ClCompile Include="Game\CollisionManager\CollisionManager.cpp">
      <Filter>Game\CollisionManager</Filter>
    </ClCompile>
    <ClCompile Include="Game\CollisionManager\Collider\Collider.cpp">
      <Filter>Game\CollisionManager\Collider</Filter>
    </ClCompile>
    <ClCompile Include="Game\Player\Player.cpp">
      <Filter>Game\Player</Filter>
    </ClCompile>
    <ClCompile Include="SceneManager\Fade\Fade.cpp">
      <Filter>SceneManager\Fade</Filter>
    </ClCompile>
    <ClCompile Include="SceneManager\SubMenu\SubMenu.cpp">
      <Filter>SceneManager\SubMenu</Filter>
    </ClCompile>
    <ClCompile Include="Game\CollisionManager\Obb\Obb.cpp">
      <Filter>Game\CollisionManager\Obb</Filter>
    </ClCompile>
    <ClCompile Include="Game\Command\MoveRightCommand\MoveRightCommand.cpp">
      <Filter>Game\Command\MoveRightCommand</Filter>
    </ClCompile>
    <ClCompile Include="Game\Command\MoveLeftCommand\MoveLeftCommand.cpp">
      <Filter>Game\Command\MoveLeftCommand</Filter>
    </ClCompile>
    <ClCompile Include="Game\Command\InputHandler\InputHandler.cpp">
      <Filter>Game\Command\InputHandler</Filter>
    </ClCompile>
  </ItemGroup>
  <ItemGroup>
    <Filter Include="GlobalVariables">
      <UniqueIdentifier>{dff28833-6a2e-4902-9a4c-e0a7cb10934b}</UniqueIdentifier>
    </Filter>
    <Filter Include="SceneManager">
      <UniqueIdentifier>{fad8cc50-c290-488f-b4fb-cdbad1bbd763}</UniqueIdentifier>
    </Filter>
    <Filter Include="SceneManager\GameScene">
      <UniqueIdentifier>{d4d1cb10-a26f-4866-b520-1d5be8c63924}</UniqueIdentifier>
    </Filter>
    <Filter Include="Game">
      <UniqueIdentifier>{e16d5b6d-612f-4477-b4d3-85f9d99b2ab8}</UniqueIdentifier>
    </Filter>
    <Filter Include="Game\Player">
      <UniqueIdentifier>{59d5891a-fe38-42fd-8e02-eff0e6cc8f21}</UniqueIdentifier>
    </Filter>
    <Filter Include="Game\CollisionManager">
      <UniqueIdentifier>{1451ec42-a15b-4d2f-8a7d-7edbc8a26e9b}</UniqueIdentifier>
    </Filter>
    <Filter Include="Game\CollisionManager\Collider">
      <UniqueIdentifier>{9e6dd177-5172-4dfe-bf41-1cfaa76118cd}</UniqueIdentifier>
    </Filter>
    <Filter Include="SceneManager\Fade">
      <UniqueIdentifier>{fc86e848-5d67-4732-9a7d-9ea0a4889d0f}</UniqueIdentifier>
    </Filter>
    <Filter Include="SceneManager\SubMenu">
      <UniqueIdentifier>{06de54b1-47bd-4884-994f-f76486248bca}</UniqueIdentifier>
    </Filter>
    <Filter Include="Game\CollisionManager\Obb">
      <UniqueIdentifier>{f1b87284-7f48-48e0-946d-317f4c3da22f}</UniqueIdentifier>
    </Filter>
    <Filter Include="Game\Command">
      <UniqueIdentifier>{70774a35-c2c2-4af8-be28-71d25dbb75b1}</UniqueIdentifier>
    </Filter>
    <Filter Include="Game\Command\ICommand">
      <UniqueIdentifier>{8fc3241d-930f-4373-9c80-a06d99c0e934}</UniqueIdentifier>
    </Filter>
    <Filter Include="Game\Command\MoveRightCommand">
      <UniqueIdentifier>{3d867094-fe82-4d0a-a061-108126b8c950}</UniqueIdentifier>
    </Filter>
    <Filter Include="Game\Command\MoveLeftCommand">
      <UniqueIdentifier>{583b7934-94df-41e5-b036-48d7032c4d05}</UniqueIdentifier>
    </Filter>
    <Filter Include="Game\Command\InputHandler">
      <UniqueIdentifier>{a2665127-1069-44b6-ad85-1a76acdf5653}</UniqueIdentifier>
    </Filter>
  </ItemGroup>
  <ItemGroup>
    <ClInclude Include="GlobalVariables\GlobalVariables.h">
      <Filter>GlobalVariables</Filter>
    </ClInclude>
    <ClInclude Include="SceneManager\SceneManager.h">
      <Filter>SceneManager</Filter>
    </ClInclude>
    <ClInclude Include="SceneManager\GameScene\GameScene.h">
      <Filter>SceneManager\GameScene</Filter>
    </ClInclude>
    <ClInclude Include="Game\CollisionManager\CollisionManager.h">
      <Filter>Game\CollisionManager</Filter>
    </ClInclude>
    <ClInclude Include="Game\CollisionManager\Collider\Collider.h">
      <Filter>Game\CollisionManager\Collider</Filter>
    </ClInclude>
    <ClInclude Include="Game\Player\Player.h">
      <Filter>Game\Player</Filter>
    </ClInclude>
    <ClInclude Include="SceneManager\Fade\Fade.h">
      <Filter>SceneManager\Fade</Filter>
    </ClInclude>
    <ClInclude Include="SceneManager\SubMenu\SubMenu.h">
      <Filter>SceneManager\SubMenu</Filter>
    </ClInclude>
    <ClInclude Include="Game\CollisionManager\Obb\Obb.h">
      <Filter>Game\CollisionManager\Obb</Filter>
    </ClInclude>
    <ClInclude Include="Game\Command\ICommand\ICommand.h">
      <Filter>Game\Command\ICommand</Filter>
    </ClInclude>
    <ClInclude Include="Game\Command\MoveRightCommand\MoveRightCommand.h">
      <Filter>Game\Command\MoveRightCommand</Filter>
    </ClInclude>
    <ClInclude Include="Game\Command\MoveLeftCommand\MoveLeftCommand.h">
      <Filter>Game\Command\MoveLeftCommand</Filter>
    </ClInclude>
    <ClInclude Include="Game\Command\InputHandler\InputHandler.h">
      <Filter>Game\Command\InputHandler</Filter>
    </ClInclude>
  </ItemGroup>
</Project>