<?xml version="1.0" encoding="utf-8"?>
<Project ToolsVersion="4.0" xmlns="http://schemas.microsoft.com/developer/msbuild/2003">
  <ItemGroup>
    <ClCompile Include="Src\main.cpp" />
    <ClCompile Include="Src\GlobalVariables\GlobalVariables.cpp">
      <Filter>GlobalVariables</Filter>
    </ClCompile>
    <ClCompile Include="Src\Game\CollisionManager\CollisionManager.cpp">
      <Filter>Game\CollisionManager</Filter>
    </ClCompile>
    <ClCompile Include="Src\Game\CollisionManager\Collider\Collider.cpp">
      <Filter>Game\CollisionManager\Collider</Filter>
    </ClCompile>
    <ClCompile Include="Src\Game\Player\Player.cpp">
      <Filter>Game\Player</Filter>
    </ClCompile>
    <ClCompile Include="Src\Game\Enemy\Enemy.cpp">
      <Filter>Game\Enemy</Filter>
    </ClCompile>
    <ClCompile Include="Src\Game\MoveFloor\MoveFloor.cpp">
      <Filter>Game\MoveFloor</Filter>
    </ClCompile>
    <ClCompile Include="Src\Game\Goal\Goal.cpp">
      <Filter>Game\Goal</Filter>
    </ClCompile>
    <ClCompile Include="Src\Game\CollisionManager\Obb\Obb.cpp">
      <Filter>Game\CollisionManager\Obb</Filter>
    </ClCompile>
    <ClCompile Include="Src\Game\CollisionManager\Plane\Plane.cpp">
      <Filter>Game\Plane</Filter>
    </ClCompile>
    <ClCompile Include="Src\World\World.cpp">
      <Filter>World</Filter>
    </ClCompile>
    <ClCompile Include="Src\Framework\Framework.cpp">
      <Filter>Framework</Filter>
    </ClCompile>
    <ClCompile Include="Src\Scenes\Manager\SceneManager.cpp">
      <Filter>Scenes\Manager</Filter>
    </ClCompile>
    <ClCompile Include="Src\Scenes\Manager\SceneFactory\SceneFactory.cpp">
      <Filter>Scenes\Manager\SceneFactory</Filter>
    </ClCompile>
    <ClCompile Include="Src\Scenes\Manager\Fade\Fade.cpp">
      <Filter>Scenes\Manager\Fade</Filter>
    </ClCompile>
    <ClCompile Include="Src\Scenes\Manager\BaseScene\BaseScene.cpp">
      <Filter>Scenes\Manager\BaseScene</Filter>
    </ClCompile>
    <ClCompile Include="Src\Scenes\GameScene\GameScene.cpp">
      <Filter>Scenes\GameScene</Filter>
    </ClCompile>
    <ClCompile Include="Src\Scenes\SubMenu\SubMenu.cpp">
      <Filter>Scenes\SubMenu</Filter>
    </ClCompile>
  </ItemGroup>
  <ItemGroup>
    <Filter Include="GlobalVariables">
      <UniqueIdentifier>{dff28833-6a2e-4902-9a4c-e0a7cb10934b}</UniqueIdentifier>
    </Filter>
    <Filter Include="Game">
      <UniqueIdentifier>{e16d5b6d-612f-4477-b4d3-85f9d99b2ab8}</UniqueIdentifier>
    </Filter>
    <Filter Include="Game\Player">
      <UniqueIdentifier>{59d5891a-fe38-42fd-8e02-eff0e6cc8f21}</UniqueIdentifier>
    </Filter>
    <Filter Include="Game\Enemy">
      <UniqueIdentifier>{9b3acda0-60e3-4f51-9f7a-cdeb0de855f4}</UniqueIdentifier>
    </Filter>
    <Filter Include="Game\MoveFloor">
      <UniqueIdentifier>{ccb4e67f-317d-4ca7-988c-1166af7a4319}</UniqueIdentifier>
    </Filter>
    <Filter Include="Game\CollisionManager">
      <UniqueIdentifier>{1451ec42-a15b-4d2f-8a7d-7edbc8a26e9b}</UniqueIdentifier>
    </Filter>
    <Filter Include="Game\CollisionManager\Collider">
      <UniqueIdentifier>{9e6dd177-5172-4dfe-bf41-1cfaa76118cd}</UniqueIdentifier>
    </Filter>
    <Filter Include="Game\Goal">
      <UniqueIdentifier>{1bacb22f-e85f-43e8-a84f-be23ce3ec48e}</UniqueIdentifier>
    </Filter>
    <Filter Include="Game\CollisionManager\Obb">
      <UniqueIdentifier>{f1b87284-7f48-48e0-946d-317f4c3da22f}</UniqueIdentifier>
    </Filter>
    <Filter Include="Game\Plane">
      <UniqueIdentifier>{268eefac-748b-4452-b6c2-10e06349215c}</UniqueIdentifier>
    </Filter>
    <Filter Include="World">
      <UniqueIdentifier>{b8981fb7-5ba2-4533-897e-e706c7dc3049}</UniqueIdentifier>
    </Filter>
    <Filter Include="Framework">
      <UniqueIdentifier>{797ec55f-9d83-40e7-8a03-f4f9142c24d6}</UniqueIdentifier>
    </Filter>
    <Filter Include="Scenes">
      <UniqueIdentifier>{fad8cc50-c290-488f-b4fb-cdbad1bbd763}</UniqueIdentifier>
    </Filter>
    <Filter Include="Scenes\GameScene">
      <UniqueIdentifier>{d4d1cb10-a26f-4866-b520-1d5be8c63924}</UniqueIdentifier>
    </Filter>
    <Filter Include="Scenes\SubMenu">
      <UniqueIdentifier>{06de54b1-47bd-4884-994f-f76486248bca}</UniqueIdentifier>
    </Filter>
    <Filter Include="Scenes\Manager">
      <UniqueIdentifier>{3920a90e-0f61-4c3e-a578-f7f4a2d79fd9}</UniqueIdentifier>
    </Filter>
    <Filter Include="Scenes\Manager\BaseScene">
      <UniqueIdentifier>{09c8f465-3aff-4334-9c04-c77e3f818100}</UniqueIdentifier>
    </Filter>
    <Filter Include="Scenes\Manager\SceneFactory">
      <UniqueIdentifier>{e3cb3459-6828-4847-8a7d-6269ce3a1eba}</UniqueIdentifier>
    </Filter>
    <Filter Include="Scenes\Manager\Fade">
      <UniqueIdentifier>{fc86e848-5d67-4732-9a7d-9ea0a4889d0f}</UniqueIdentifier>
    </Filter>
  </ItemGroup>
  <ItemGroup>
    <ClInclude Include="Src\GlobalVariables\GlobalVariables.h">
      <Filter>GlobalVariables</Filter>
    </ClInclude>
    <ClInclude Include="Src\Game\CollisionManager\CollisionManager.h">
      <Filter>Game\CollisionManager</Filter>
    </ClInclude>
    <ClInclude Include="Src\Game\CollisionManager\Collider\Collider.h">
      <Filter>Game\CollisionManager\Collider</Filter>
    </ClInclude>
    <ClInclude Include="Src\Game\Player\Player.h">
      <Filter>Game\Player</Filter>
    </ClInclude>
    <ClInclude Include="Src\Game\Enemy\Enemy.h">
      <Filter>Game\Enemy</Filter>
    </ClInclude>
    <ClInclude Include="Src\Game\MoveFloor\MoveFloor.h">
      <Filter>Game\MoveFloor</Filter>
    </ClInclude>
    <ClInclude Include="Src\Game\Goal\Goal.h">
      <Filter>Game\Goal</Filter>
    </ClInclude>
    <ClInclude Include="Src\Game\CollisionManager\Obb\Obb.h">
      <Filter>Game\CollisionManager\Obb</Filter>
    </ClInclude>
    <ClInclude Include="Src\Game\CollisionManager\Plane\Plane.h">
      <Filter>Game\Plane</Filter>
    </ClInclude>
    <ClInclude Include="Src\World\World.h">
      <Filter>World</Filter>
    </ClInclude>
    <ClInclude Include="Src\Framework\Framework.h">
      <Filter>Framework</Filter>
    </ClInclude>
    <ClInclude Include="Src\Scenes\Manager\SceneManager.h">
      <Filter>Scenes\Manager</Filter>
    </ClInclude>
    <ClInclude Include="Src\Scenes\Manager\SceneFactory\SceneFactory.h">
      <Filter>Scenes\Manager\SceneFactory</Filter>
    </ClInclude>
    <ClInclude Include="Src\Scenes\Manager\Fade\Fade.h">
      <Filter>Scenes\Manager\Fade</Filter>
    </ClInclude>
    <ClInclude Include="Src\Scenes\Manager\BaseScene\BaseScene.h">
      <Filter>Scenes\Manager\BaseScene</Filter>
    </ClInclude>
    <ClInclude Include="Src\Scenes\GameScene\GameScene.h">
      <Filter>Scenes\GameScene</Filter>
    </ClInclude>
    <ClInclude Include="Src\Scenes\SubMenu\SubMenu.h">
      <Filter>Scenes\SubMenu</Filter>
    </ClInclude>
  </ItemGroup>
</Project>