<?xml version="1.0" encoding="utf-8"?>
<Project ToolsVersion="4.0" xmlns="http://schemas.microsoft.com/developer/msbuild/2003">
  <ItemGroup>
    <ClCompile Include="Src\main.cpp" />
    <ClCompile Include="Src\GlobalVariables\GlobalVariables.cpp">
      <Filter>GlobalVariables</Filter>
    </ClCompile>
    <ClCompile Include="Src\World\World.cpp">
      <Filter>World</Filter>
    </ClCompile>
    <ClCompile Include="Src\Scenes\Manager\SceneManager.cpp">
      <Filter>Scenes\Manager</Filter>
    </ClCompile>
    <ClCompile Include="Src\Scenes\Manager\SceneFactory\SceneFactory.cpp">
      <Filter>Scenes\Manager\SceneFactory</Filter>
    </ClCompile>
    <ClCompile Include="Src\Scenes\Manager\Fade\Fade.cpp">
      <Filter>Scenes\Manager\Fade</Filter>
    </ClCompile>
    <ClCompile Include="Src\Scenes\Manager\BaseScene\BaseScene.cpp">
      <Filter>Scenes\Manager\BaseScene</Filter>
    </ClCompile>
    <ClCompile Include="Src\Scenes\GameScene\GameScene.cpp">
      <Filter>Scenes\GameScene</Filter>
    </ClCompile>
    <ClCompile Include="Src\Scenes\SubMenu\SubMenu.cpp">
      <Filter>Scenes\SubMenu</Filter>
    </ClCompile>
    <ClCompile Include="Src\Game\Water\Water.cpp">
      <Filter>Game\Water</Filter>
    </ClCompile>
    <ClCompile Include="Src\Scenes\Manager\SceneLoad\SceneLoad.cpp">
      <Filter>Scenes\Manager\ScceneLoad</Filter>
    </ClCompile>
    <ClCompile Include="Src\Scenes\TitleScene\TitleScene.cpp">
      <Filter>Scenes\TitleScene</Filter>
    </ClCompile>
    <ClCompile Include="Src\Camera\Camera.cpp">
      <Filter>Camera</Filter>
    </ClCompile>
    <ClCompile Include="Src\Editor\ParticleEditor\ParticleEditor.cpp">
      <Filter>Editor</Filter>
    </ClCompile>
    <ClCompile Include="Src\GameObject\Object.cpp">
      <Filter>GameObject</Filter>
    </ClCompile>
    <ClCompile Include="Src\GameObject\Comp\ModelRenderComp.cpp">
      <Filter>GameObject\Comp</Filter>
    </ClCompile>
    <ClCompile Include="Src\GameObject\Comp\ModelRenderDataComp.cpp">
      <Filter>GameObject\Comp</Filter>
    </ClCompile>
    <ClCompile Include="Src\GameObject\Comp\TransformComp.cpp">
      <Filter>GameObject\Comp</Filter>
    </ClCompile>
    <ClCompile Include="Src\Level\LevelLoader.cpp">
      <Filter>Level</Filter>
    </ClCompile>
    <ClCompile Include="Src\GameObject\Comp\ObbComp.cpp">
      <Filter>GameObject\Comp</Filter>
    </ClCompile>
    <ClCompile Include="Src\GameObject\Comp\FallComp.cpp">
      <Filter>GameObject\Comp</Filter>
    </ClCompile>
    <ClCompile Include="Src\GameObject\Comp\Camera3DComp.cpp">
      <Filter>GameObject\Comp</Filter>
    </ClCompile>
    <ClCompile Include="Src\GameObject\Comp\Camera2DComp.cpp">
      <Filter>GameObject\Comp</Filter>
    </ClCompile>
    <ClCompile Include="Src\GameObject\Comp\InputMoveComp.cpp">
      <Filter>GameObject\Comp</Filter>
    </ClCompile>
    <ClCompile Include="Src\GameObject\Manager\TransformCompUpdater.cpp">
      <Filter>GameObject\Manager</Filter>
    </ClCompile>
    <ClCompile Include="Src\GameObject\Manager\ObjectManager.cpp">
      <Filter>GameObject\Manager</Filter>
    </ClCompile>
    <ClCompile Include="Src\GameObject\Comp\ObbPushComp.cpp">
      <Filter>GameObject\Comp</Filter>
    </ClCompile>
    <ClCompile Include="Src\GameObject\Comp\EventComp.cpp">
      <Filter>GameObject\Comp</Filter>
    </ClCompile>
    <ClCompile Include="Src\GameObject\Comp\SceneChangeComp.cpp">
      <Filter>GameObject\Comp</Filter>
    </ClCompile>
    <ClCompile Include="Src\GameObject\Comp\ChildrenObjectComp.cpp">
      <Filter>GameObject\Comp</Filter>
    </ClCompile>
    <ClCompile Include="Src\GameObject\Comp\CsvDataComp.cpp">
      <Filter>GameObject\Comp</Filter>
    </ClCompile>
    <ClCompile Include="Src\GameObject\GameComp\CustomizeComp.cpp">
      <Filter>GameObject\GameComp</Filter>
    </ClCompile>
    <ClCompile Include="Src\GameObject\GameComp\PlayerComp.cpp">
      <Filter>GameObject\GameComp</Filter>
    </ClCompile>
    <ClCompile Include="Src\GameObject\Comp\JsonComp.cpp">
      <Filter>GameObject\Comp</Filter>
    </ClCompile>
    <ClCompile Include="Src\GameObject\GameComp\CannonComp.cpp">
      <Filter>GameObject\GameComp</Filter>
    </ClCompile>
    <ClCompile Include="Src\GameObject\GameComp\ItemComp.cpp">
      <Filter>GameObject\GameComp</Filter>
    </ClCompile>
    <ClCompile Include="Src\GameObject\GameComp\LoopCannonComp.cpp">
      <Filter>GameObject\GameComp</Filter>
    </ClCompile>
    <ClCompile Include="Src\GameObject\GameComp\SailComp.cpp">
      <Filter>GameObject\GameComp</Filter>
    </ClCompile>
    <ClCompile Include="Src\GameObject\GameComp\WindComp.cpp">
      <Filter>GameObject\GameComp</Filter>
    </ClCompile>
    <ClCompile Include="Src\GameObject\GameComp\WindNodeComp.cpp">
      <Filter>GameObject\GameComp</Filter>
    </ClCompile>
    <ClCompile Include="Src\GameObject\GameComp\WhirlpoolsComp.cpp">
      <Filter>GameObject\GameComp</Filter>
    </ClCompile>
    <ClCompile Include="Src\GameObject\Comp\SpriteRenderDataComp.cpp">
      <Filter>GameObject\Comp</Filter>
    </ClCompile>
    <ClCompile Include="Src\GameObject\Comp\SpriteRenderComp.cpp">
      <Filter>GameObject\Comp</Filter>
    </ClCompile>
    <ClCompile Include="Src\GameObject\Comp\CameraComp.cpp">
      <Filter>GameObject\Comp</Filter>
    </ClCompile>
    <ClCompile Include="Src\GameObject\Comp\ButtonComp.cpp">
      <Filter>GameObject\Comp</Filter>
    </ClCompile>
    <ClCompile Include="Src\GameObject\GameComp\UIDrawComp.cpp">
      <Filter>GameObject\GameComp</Filter>
    </ClCompile>
    <ClCompile Include="Src\GameObject\Comp\QuadComp.cpp">
      <Filter>GameObject\Comp</Filter>
    </ClCompile>
    <ClCompile Include="Src\Scenes\SelectStageScene\SelectStageScene.cpp">
      <Filter>Scenes\SelectStageScene</Filter>
    </ClCompile>
    <ClCompile Include="Src\Scenes\TestScene\TestScene.cpp">
      <Filter>Scenes\TestScene</Filter>
    </ClCompile>
    <ClCompile Include="Src\GameObject\Comp\LineCollisionComp.cpp">
      <Filter>GameObject\Comp</Filter>
    </ClCompile>
    <ClCompile Include="Src\GameObject\Comp\LineRenderComp.cpp">
      <Filter>GameObject\Comp</Filter>
    </ClCompile>
    <ClCompile Include="Src\GameObject\Comp\LineRenderDataComp.cpp">
      <Filter>GameObject\Comp</Filter>
    </ClCompile>
    <ClCompile Include="Src\GameObject\Comp\LineComp.cpp">
      <Filter>GameObject\Comp</Filter>
    </ClCompile>
    <ClCompile Include="Src\GameObject\Comp\LineConvertTransformComp.cpp">
      <Filter>GameObject\Comp</Filter>
    </ClCompile>
    <ClCompile Include="Src\GameObject\Comp\AudioComp.cpp">
      <Filter>GameObject\Comp</Filter>
    </ClCompile>
    <ClCompile Include="Src\GameObject\Comp\BgmComp.cpp">
      <Filter>GameObject\Comp</Filter>
    </ClCompile>
    <ClCompile Include="Src\GameObject\Comp\SpriteAnimatorComp.cpp">
      <Filter>GameObject\Comp</Filter>
    </ClCompile>
    <ClCompile Include="Src\GameObject\Manager\CompCollisionManager.cpp">
      <Filter>GameObject\Manager</Filter>
    </ClCompile>
    <ClCompile Include="Src\GameObject\Comp\MeshShaderTestComp.cpp">
      <Filter>GameObject\Comp</Filter>
    </ClCompile>
    <ClCompile Include="Src\Game\Corals\Corals.cpp">
      <Filter>Game\Corals</Filter>
    </ClCompile>
    <ClCompile Include="Src\GameExternals\BlockEditor\BlockEditor.cpp">
      <Filter>GameExternals</Filter>
    </ClCompile>
    <ClCompile Include="Src\GameExternals\BlockManager\Block\Block.cpp">
      <Filter>GameExternals</Filter>
    </ClCompile>
    <ClCompile Include="Src\GameExternals\BlockManager\BlockManager.cpp">
      <Filter>GameExternals</Filter>
    </ClCompile>
    <ClCompile Include="Src\GameExternals\BulletManager\Bullet\Bullet.cpp">
      <Filter>GameExternals</Filter>
    </ClCompile>
    <ClCompile Include="Src\GameExternals\BulletManager\BulletManager.cpp">
      <Filter>GameExternals</Filter>
    </ClCompile>
    <ClCompile Include="Src\GameExternals\CameraManager\CameraManager.cpp">
      <Filter>GameExternals</Filter>
    </ClCompile>
    <ClCompile Include="Src\GameExternals\ChargeCamera\ChargeCamera.cpp">
      <Filter>GameExternals</Filter>
    </ClCompile>
    <ClCompile Include="Src\GameExternals\CollisionManager\Collider\Collider.cpp">
      <Filter>GameExternals</Filter>
    </ClCompile>
    <ClCompile Include="Src\GameExternals\CollisionManager\Collision\Collision.cpp">
      <Filter>GameExternals</Filter>
    </ClCompile>
    <ClCompile Include="Src\GameExternals\CollisionManager\CollisionManager.cpp">
      <Filter>GameExternals</Filter>
    </ClCompile>
    <ClCompile Include="Src\GameExternals\CollisionManager\Plane\Plane.cpp">
      <Filter>GameExternals</Filter>
    </ClCompile>
    <ClCompile Include="Src\GameExternals\Cursor\Cursor.cpp">
      <Filter>GameExternals</Filter>
    </ClCompile>
    <ClCompile Include="Src\GameExternals\Customize\Customize.cpp">
      <Filter>GameExternals</Filter>
    </ClCompile>
    <ClCompile Include="Src\GameExternals\CustomizeCamera\CustomizeCamera.cpp">
      <Filter>GameExternals</Filter>
    </ClCompile>
    <ClCompile Include="Src\GameExternals\DebugCamera\DebugCamera.cpp">
      <Filter>GameExternals</Filter>
    </ClCompile>
    <ClCompile Include="Src\GameExternals\EditorManager\EditorManager.cpp">
      <Filter>GameExternals</Filter>
    </ClCompile>
    <ClCompile Include="Src\GameExternals\FixedCamera\FixedCamera.cpp">
      <Filter>GameExternals</Filter>
    </ClCompile>
    <ClCompile Include="Src\GameExternals\FollowCamera\FollowCamera.cpp">
      <Filter>GameExternals</Filter>
    </ClCompile>
    <ClCompile Include="Src\GameExternals\GoalCamera\GoalCamera.cpp">
      <Filter>GameExternals</Filter>
    </ClCompile>
    <ClCompile Include="Src\GameExternals\GoalEditor\GoalEditor.cpp">
      <Filter>GameExternals</Filter>
    </ClCompile>
    <ClCompile Include="Src\GameExternals\GoalManager\Goal\Goal.cpp">
      <Filter>GameExternals</Filter>
    </ClCompile>
    <ClCompile Include="Src\GameExternals\GoalManager\GoalManager.cpp">
      <Filter>GameExternals</Filter>
    </ClCompile>
    <ClCompile Include="Src\GameExternals\Player\Player.cpp">
      <Filter>GameExternals</Filter>
    </ClCompile>
    <ClCompile Include="Src\GameExternals\StageManager\StageManager.cpp">
      <Filter>GameExternals</Filter>
    </ClCompile>
    <ClCompile Include="Src\GameExternals\StartArea\StartArea.cpp">
      <Filter>GameExternals</Filter>
    </ClCompile>
    <ClCompile Include="Src\GameExternals\WhirlpoolEditor\WhirlpoolEditor.cpp">
      <Filter>GameExternals</Filter>
    </ClCompile>
    <ClCompile Include="Src\GameExternals\WhirlpoolManager\Whirlpool\Whirlpool.cpp">
      <Filter>GameExternals</Filter>
    </ClCompile>
    <ClCompile Include="Src\GameExternals\WhirlpoolManager\WhirlpoolManager.cpp">
      <Filter>GameExternals</Filter>
    </ClCompile>
    <ClCompile Include="Src\GameExternals\WindEditor\WindEditor.cpp">
      <Filter>GameExternals</Filter>
    </ClCompile>
    <ClCompile Include="Src\GameExternals\WindManager\Wind\Wind.cpp">
      <Filter>GameExternals</Filter>
    </ClCompile>
    <ClCompile Include="Src\GameExternals\WindManager\WindManager.cpp">
      <Filter>GameExternals</Filter>
    </ClCompile>
    <ClCompile Include="Src\GameExternals\WindParticle\WindNode\WindNode.cpp">
      <Filter>GameExternals</Filter>
    </ClCompile>
    <ClCompile Include="Src\GameExternals\WindParticle\WindParticle.cpp">
      <Filter>GameExternals</Filter>
    </ClCompile>
    <ClCompile Include="Src\GameObject\Comp\CloudRenderDataCoomp.cpp">
      <Filter>GameObject\Comp</Filter>
    </ClCompile>
    <ClCompile Include="Src\GameObject\Comp\CloudRenderCoomp.cpp">
      <Filter>GameObject\Comp</Filter>
    </ClCompile>
    <ClCompile Include="Src\Game\Cloud\Cloud.cpp">
      <Filter>Game\Cloud</Filter>
    </ClCompile>
  </ItemGroup>
  <ItemGroup>
    <Filter Include="GlobalVariables">
      <UniqueIdentifier>{dff28833-6a2e-4902-9a4c-e0a7cb10934b}</UniqueIdentifier>
    </Filter>
    <Filter Include="Game">
      <UniqueIdentifier>{e16d5b6d-612f-4477-b4d3-85f9d99b2ab8}</UniqueIdentifier>
    </Filter>
    <Filter Include="World">
      <UniqueIdentifier>{b8981fb7-5ba2-4533-897e-e706c7dc3049}</UniqueIdentifier>
    </Filter>
    <Filter Include="Scenes">
      <UniqueIdentifier>{fad8cc50-c290-488f-b4fb-cdbad1bbd763}</UniqueIdentifier>
    </Filter>
    <Filter Include="Scenes\GameScene">
      <UniqueIdentifier>{d4d1cb10-a26f-4866-b520-1d5be8c63924}</UniqueIdentifier>
    </Filter>
    <Filter Include="Scenes\SubMenu">
      <UniqueIdentifier>{06de54b1-47bd-4884-994f-f76486248bca}</UniqueIdentifier>
    </Filter>
    <Filter Include="Scenes\Manager">
      <UniqueIdentifier>{3920a90e-0f61-4c3e-a578-f7f4a2d79fd9}</UniqueIdentifier>
    </Filter>
    <Filter Include="Scenes\Manager\BaseScene">
      <UniqueIdentifier>{09c8f465-3aff-4334-9c04-c77e3f818100}</UniqueIdentifier>
    </Filter>
    <Filter Include="Scenes\Manager\SceneFactory">
      <UniqueIdentifier>{e3cb3459-6828-4847-8a7d-6269ce3a1eba}</UniqueIdentifier>
    </Filter>
    <Filter Include="Scenes\Manager\Fade">
      <UniqueIdentifier>{fc86e848-5d67-4732-9a7d-9ea0a4889d0f}</UniqueIdentifier>
    </Filter>
    <Filter Include="Editor">
      <UniqueIdentifier>{38830fbd-b2f4-43bb-85ce-ccfa08c65319}</UniqueIdentifier>
    </Filter>
    <Filter Include="Game\Water">
      <UniqueIdentifier>{db170fba-cd99-4b05-a820-35cea969012a}</UniqueIdentifier>
    </Filter>
    <Filter Include="Scenes\Manager\ScceneLoad">
      <UniqueIdentifier>{a02d4342-6cbd-4359-83a6-e378d8c3ef88}</UniqueIdentifier>
    </Filter>
    <Filter Include="Scenes\TitleScene">
      <UniqueIdentifier>{33349c28-9ac6-4102-a517-2aca4afde131}</UniqueIdentifier>
    </Filter>
    <Filter Include="Camera">
      <UniqueIdentifier>{31e5ecf8-6bc1-4f5a-97ce-394f3988c342}</UniqueIdentifier>
    </Filter>
    <Filter Include="GameObject">
      <UniqueIdentifier>{e5c92456-0708-4165-9d68-847d8014d2ff}</UniqueIdentifier>
    </Filter>
    <Filter Include="GameObject\Comp">
      <UniqueIdentifier>{e4b79d00-bb6c-4437-be7f-657e660eae2e}</UniqueIdentifier>
    </Filter>
    <Filter Include="Level">
      <UniqueIdentifier>{c64135c3-3f27-4633-8ec5-9da98995a1b5}</UniqueIdentifier>
    </Filter>
    <Filter Include="GameObject\Manager">
      <UniqueIdentifier>{2795ad23-5238-41cd-b501-ec1d9cd1431c}</UniqueIdentifier>
    </Filter>
    <Filter Include="GameObject\GameComp">
      <UniqueIdentifier>{2a763632-eaec-4f7e-9876-f077f915962c}</UniqueIdentifier>
    </Filter>
    <Filter Include="Scenes\SelectStageScene">
      <UniqueIdentifier>{870be350-11c6-4517-be78-62d28a3b67d1}</UniqueIdentifier>
    </Filter>
    <Filter Include="Scenes\TestScene">
      <UniqueIdentifier>{509f02f8-d848-4da3-bd97-134e93acdf86}</UniqueIdentifier>
    </Filter>
    <Filter Include="Game\Corals">
      <UniqueIdentifier>{91b428eb-825f-4a1a-973a-b49c36b04664}</UniqueIdentifier>
    </Filter>
    <Filter Include="GameExternals">
      <UniqueIdentifier>{fa4023e9-bf8b-4741-8d4e-6a86e563bc0a}</UniqueIdentifier>
    </Filter>
    <Filter Include="Game\Cloud">
      <UniqueIdentifier>{e6860cf0-6bb5-46a2-af93-64dafe05f7d2}</UniqueIdentifier>
    </Filter>
  </ItemGroup>
  <ItemGroup>
    <ClInclude Include="Src\GlobalVariables\GlobalVariables.h">
      <Filter>GlobalVariables</Filter>
    </ClInclude>
    <ClInclude Include="Src\World\World.h">
      <Filter>World</Filter>
    </ClInclude>
    <ClInclude Include="Src\Scenes\Manager\SceneManager.h">
      <Filter>Scenes\Manager</Filter>
    </ClInclude>
    <ClInclude Include="Src\Scenes\Manager\SceneFactory\SceneFactory.h">
      <Filter>Scenes\Manager\SceneFactory</Filter>
    </ClInclude>
    <ClInclude Include="Src\Scenes\Manager\Fade\Fade.h">
      <Filter>Scenes\Manager\Fade</Filter>
    </ClInclude>
    <ClInclude Include="Src\Scenes\Manager\BaseScene\BaseScene.h">
      <Filter>Scenes\Manager\BaseScene</Filter>
    </ClInclude>
    <ClInclude Include="Src\Scenes\GameScene\GameScene.h">
      <Filter>Scenes\GameScene</Filter>
    </ClInclude>
    <ClInclude Include="Src\Scenes\SubMenu\SubMenu.h">
      <Filter>Scenes\SubMenu</Filter>
    </ClInclude>
    <ClInclude Include="Src\Game\Water\Water.h">
      <Filter>Game\Water</Filter>
    </ClInclude>
    <ClInclude Include="Src\Scenes\Manager\SceneLoad\SceneLoad.h">
      <Filter>Scenes\Manager\ScceneLoad</Filter>
    </ClInclude>
    <ClInclude Include="Src\Scenes\TitleScene\TitleScene.h">
      <Filter>Scenes\TitleScene</Filter>
    </ClInclude>
    <ClInclude Include="Src\Camera\Camera.h">
      <Filter>Camera</Filter>
    </ClInclude>
    <ClInclude Include="Src\Editor\ParticleEditor\ParticleEditor.h">
      <Filter>Editor</Filter>
    </ClInclude>
    <ClInclude Include="Src\GameObject\Object.h">
      <Filter>GameObject</Filter>
    </ClInclude>
    <ClInclude Include="Src\GameObject\Comp\ModelRenderComp.h">
      <Filter>GameObject\Comp</Filter>
    </ClInclude>
    <ClInclude Include="Src\GameObject\Comp\ModelRenderDataComp.h">
      <Filter>GameObject\Comp</Filter>
    </ClInclude>
    <ClInclude Include="Src\GameObject\Comp\TransformComp.h">
      <Filter>GameObject\Comp</Filter>
    </ClInclude>
    <ClInclude Include="Src\Level\LevelLoader.h">
      <Filter>Level</Filter>
    </ClInclude>
    <ClInclude Include="Src\Level\LevelData.h">
      <Filter>Level</Filter>
    </ClInclude>
    <ClInclude Include="Src\GameObject\Comp\ObbComp.h">
      <Filter>GameObject\Comp</Filter>
    </ClInclude>
    <ClInclude Include="Src\GameObject\Comp\FallComp.h">
      <Filter>GameObject\Comp</Filter>
    </ClInclude>
    <ClInclude Include="Src\GameObject\Comp\Camera3DComp.h">
      <Filter>GameObject\Comp</Filter>
    </ClInclude>
    <ClInclude Include="Src\GameObject\Comp\Camera2DComp.h">
      <Filter>GameObject\Comp</Filter>
    </ClInclude>
    <ClInclude Include="Src\GameObject\Comp\InputMoveComp.h">
      <Filter>GameObject\Comp</Filter>
    </ClInclude>
    <ClInclude Include="Src\GameObject\Manager\TransformCompUpdater.h">
      <Filter>GameObject\Manager</Filter>
    </ClInclude>
    <ClInclude Include="Src\GameObject\Manager\ObjectManager.h">
      <Filter>GameObject\Manager</Filter>
    </ClInclude>
    <ClInclude Include="Src\GameObject\Comp\ObbPushComp.h">
      <Filter>GameObject\Comp</Filter>
    </ClInclude>
    <ClInclude Include="Src\GameObject\Comp\EventComp.h">
      <Filter>GameObject\Comp</Filter>
    </ClInclude>
    <ClInclude Include="Src\GameObject\Comp\SceneChangeComp.h">
      <Filter>GameObject\Comp</Filter>
    </ClInclude>
    <ClInclude Include="Src\GameObject\Comp\ChildrenObjectComp.h">
      <Filter>GameObject\Comp</Filter>
    </ClInclude>
    <ClInclude Include="Src\GameObject\Comp\CsvDataComp.h">
      <Filter>GameObject\Comp</Filter>
    </ClInclude>
    <ClInclude Include="Src\GameObject\GameComp\CustomizeComp.h">
      <Filter>GameObject\GameComp</Filter>
    </ClInclude>
    <ClInclude Include="Src\GameObject\GameComp\PlayerComp.h">
      <Filter>GameObject\GameComp</Filter>
    </ClInclude>
    <ClInclude Include="Src\GameObject\Comp\JsonComp.h">
      <Filter>GameObject\Comp</Filter>
    </ClInclude>
    <ClInclude Include="Src\GameObject\GameComp\CannonComp.h">
      <Filter>GameObject\GameComp</Filter>
    </ClInclude>
    <ClInclude Include="Src\GameObject\GameComp\ItemComp.h">
      <Filter>GameObject\GameComp</Filter>
    </ClInclude>
    <ClInclude Include="Src\GameObject\GameComp\LoopCannonComp.h">
      <Filter>GameObject\GameComp</Filter>
    </ClInclude>
    <ClInclude Include="Src\GameObject\GameComp\SailComp.h">
      <Filter>GameObject\GameComp</Filter>
    </ClInclude>
    <ClInclude Include="Src\GameObject\GameComp\WindComp.h">
      <Filter>GameObject\GameComp</Filter>
    </ClInclude>
    <ClInclude Include="Src\GameObject\GameComp\WindNodeComp.h">
      <Filter>GameObject\GameComp</Filter>
    </ClInclude>
    <ClInclude Include="Src\GameObject\GameComp\WhirlpoolsComp.h">
      <Filter>GameObject\GameComp</Filter>
    </ClInclude>
    <ClInclude Include="Src\GameObject\Comp\SpriteRenderDataComp.h">
      <Filter>GameObject\Comp</Filter>
    </ClInclude>
    <ClInclude Include="Src\GameObject\Comp\SpriteRenderComp.h">
      <Filter>GameObject\Comp</Filter>
    </ClInclude>
    <ClInclude Include="Src\GameObject\Comp\CameraComp.h">
      <Filter>GameObject\Comp</Filter>
    </ClInclude>
    <ClInclude Include="Src\GameObject\Comp\ButtonComp.h">
      <Filter>GameObject\Comp</Filter>
    </ClInclude>
    <ClInclude Include="Src\GameObject\GameComp\UIDrawComp.h">
      <Filter>GameObject\GameComp</Filter>
    </ClInclude>
    <ClInclude Include="Src\GameObject\Comp\QuadComp.h">
      <Filter>GameObject\Comp</Filter>
    </ClInclude>
    <ClInclude Include="Src\Scenes\SelectStageScene\SelectStageScene.h">
      <Filter>Scenes\SelectStageScene</Filter>
    </ClInclude>
    <ClInclude Include="Src\Scenes\TestScene\TestScene.h">
      <Filter>Scenes\TestScene</Filter>
    </ClInclude>
    <ClInclude Include="Src\GameObject\Comp\LineCollisionComp.h">
      <Filter>GameObject\Comp</Filter>
    </ClInclude>
    <ClInclude Include="Src\GameObject\Comp\LineConvertTransformComp.h">
      <Filter>GameObject\Comp</Filter>
    </ClInclude>
    <ClInclude Include="Src\GameObject\Comp\LineRenderComp.h">
      <Filter>GameObject\Comp</Filter>
    </ClInclude>
    <ClInclude Include="Src\GameObject\Comp\LineRenderDataComp.h">
      <Filter>GameObject\Comp</Filter>
    </ClInclude>
    <ClInclude Include="Src\GameObject\Comp\LineComp.h">
      <Filter>GameObject\Comp</Filter>
    </ClInclude>
    <ClInclude Include="Src\GameObject\Comp\AudioComp.h">
      <Filter>GameObject\Comp</Filter>
    </ClInclude>
    <ClInclude Include="Src\GameObject\Comp\BgmComp.h">
      <Filter>GameObject\Comp</Filter>
    </ClInclude>
    <ClInclude Include="Src\GameObject\Comp\SpriteAnimatorComp.h">
      <Filter>GameObject\Comp</Filter>
    </ClInclude>
    <ClInclude Include="Src\GameObject\Manager\CompCollisionManager.h">
      <Filter>GameObject\Manager</Filter>
    </ClInclude>
    <ClInclude Include="Src\GameObject\Comp\MeshShaderTestComp.h">
      <Filter>GameObject\Comp</Filter>
    </ClInclude>
    <ClInclude Include="Src\Game\Corals\Corals.h">
      <Filter>Game\Corals</Filter>
    </ClInclude>
    <ClInclude Include="Src\GameExternals\BlockEditor\BlockEditor.h">
      <Filter>GameExternals</Filter>
    </ClInclude>
    <ClInclude Include="Src\GameExternals\BlockManager\Block\Block.h">
      <Filter>GameExternals</Filter>
    </ClInclude>
    <ClInclude Include="Src\GameExternals\BlockManager\BlockManager.h">
      <Filter>GameExternals</Filter>
    </ClInclude>
    <ClInclude Include="Src\GameExternals\BulletManager\Bullet\Bullet.h">
      <Filter>GameExternals</Filter>
    </ClInclude>
    <ClInclude Include="Src\GameExternals\BulletManager\BulletManager.h">
      <Filter>GameExternals</Filter>
    </ClInclude>
    <ClInclude Include="Src\GameExternals\CameraManager\CameraManager.h">
      <Filter>GameExternals</Filter>
    </ClInclude>
    <ClInclude Include="Src\GameExternals\ChargeCamera\ChargeCamera.h">
      <Filter>GameExternals</Filter>
    </ClInclude>
    <ClInclude Include="Src\GameExternals\Checkbox\Checkbox.h">
      <Filter>GameExternals</Filter>
    </ClInclude>
    <ClInclude Include="Src\GameExternals\CollisionManager\AABB\AABB.h">
      <Filter>GameExternals</Filter>
    </ClInclude>
    <ClInclude Include="Src\GameExternals\CollisionManager\Collider\Collider.h">
      <Filter>GameExternals</Filter>
    </ClInclude>
    <ClInclude Include="Src\GameExternals\CollisionManager\Collision\Collision.h">
      <Filter>GameExternals</Filter>
    </ClInclude>
    <ClInclude Include="Src\GameExternals\CollisionManager\CollisionManager.h">
      <Filter>GameExternals</Filter>
    </ClInclude>
    <ClInclude Include="Src\GameExternals\CollisionManager\Obb\Obb.h">
      <Filter>GameExternals</Filter>
    </ClInclude>
    <ClInclude Include="Src\GameExternals\CollisionManager\Plane\Plane.h">
      <Filter>GameExternals</Filter>
    </ClInclude>
    <ClInclude Include="Src\GameExternals\Cursor\Cursor.h">
      <Filter>GameExternals</Filter>
    </ClInclude>
    <ClInclude Include="Src\GameExternals\Customize\Customize.h">
      <Filter>GameExternals</Filter>
    </ClInclude>
    <ClInclude Include="Src\GameExternals\CustomizeCamera\CustomizeCamera.h">
      <Filter>GameExternals</Filter>
    </ClInclude>
    <ClInclude Include="Src\GameExternals\DebugCamera\DebugCamera.h">
      <Filter>GameExternals</Filter>
    </ClInclude>
    <ClInclude Include="Src\GameExternals\EditorManager\EditorManager.h">
      <Filter>GameExternals</Filter>
    </ClInclude>
    <ClInclude Include="Src\GameExternals\FixedCamera\FixedCamera.h">
      <Filter>GameExternals</Filter>
    </ClInclude>
    <ClInclude Include="Src\GameExternals\FollowCamera\FollowCamera.h">
      <Filter>GameExternals</Filter>
    </ClInclude>
    <ClInclude Include="Src\GameExternals\GoalCamera\GoalCamera.h">
      <Filter>GameExternals</Filter>
    </ClInclude>
    <ClInclude Include="Src\GameExternals\GoalEditor\GoalEditor.h">
      <Filter>GameExternals</Filter>
    </ClInclude>
    <ClInclude Include="Src\GameExternals\GoalManager\Goal\Goal.h">
      <Filter>GameExternals</Filter>
    </ClInclude>
    <ClInclude Include="Src\GameExternals\GoalManager\GoalManager.h">
      <Filter>GameExternals</Filter>
    </ClInclude>
    <ClInclude Include="Src\GameExternals\Player\Player.h">
      <Filter>GameExternals</Filter>
    </ClInclude>
    <ClInclude Include="Src\GameExternals\StageManager\StageManager.h">
      <Filter>GameExternals</Filter>
    </ClInclude>
    <ClInclude Include="Src\GameExternals\StartArea\StartArea.h">
      <Filter>GameExternals</Filter>
    </ClInclude>
    <ClInclude Include="Src\GameExternals\WhirlpoolEditor\WhirlpoolEditor.h">
      <Filter>GameExternals</Filter>
    </ClInclude>
    <ClInclude Include="Src\GameExternals\WhirlpoolManager\Whirlpool\Whirlpool.h">
      <Filter>GameExternals</Filter>
    </ClInclude>
    <ClInclude Include="Src\GameExternals\WhirlpoolManager\WhirlpoolManager.h">
      <Filter>GameExternals</Filter>
    </ClInclude>
    <ClInclude Include="Src\GameExternals\WindEditor\WindEditor.h">
      <Filter>GameExternals</Filter>
    </ClInclude>
    <ClInclude Include="Src\GameExternals\WindManager\Wind\Wind.h">
      <Filter>GameExternals</Filter>
    </ClInclude>
    <ClInclude Include="Src\GameExternals\WindManager\WindManager.h">
      <Filter>GameExternals</Filter>
    </ClInclude>
    <ClInclude Include="Src\GameExternals\WindParticle\WindNode\WindNode.h">
      <Filter>GameExternals</Filter>
    </ClInclude>
    <ClInclude Include="Src\GameExternals\WindParticle\WindParticle.h">
      <Filter>GameExternals</Filter>
    </ClInclude>
    <ClInclude Include="Src\GameObject\Comp\CloudRenderDataCoomp.h">
      <Filter>GameObject\Comp</Filter>
    </ClInclude>
    <ClInclude Include="Src\GameObject\Comp\CloudRenderCoomp.h">
      <Filter>GameObject\Comp</Filter>
    </ClInclude>
    <ClInclude Include="Src\Game\Cloud\Cloud.h">
      <Filter>Game\Cloud</Filter>
    </ClInclude>
  </ItemGroup>
</Project>