<?xml version="1.0" encoding="utf-8"?>
<Project ToolsVersion="4.0" xmlns="http://schemas.microsoft.com/developer/msbuild/2003">
  <ItemGroup>
    <ClCompile Include="Src\main.cpp" />
    <ClCompile Include="Src\GlobalVariables\GlobalVariables.cpp">
      <Filter>GlobalVariables</Filter>
    </ClCompile>
    <ClCompile Include="Src\Game\CollisionManager\CollisionManager.cpp">
      <Filter>Game\CollisionManager</Filter>
    </ClCompile>
    <ClCompile Include="Src\Game\CollisionManager\Collider\Collider.cpp">
      <Filter>Game\CollisionManager\Collider</Filter>
    </ClCompile>
    <ClCompile Include="Src\Game\CollisionManager\Obb\Obb.cpp">
      <Filter>Game\CollisionManager\Obb</Filter>
    </ClCompile>
    <ClCompile Include="Src\Game\CollisionManager\Plane\Plane.cpp">
      <Filter>Game\CollisionManager\Plane</Filter>
    </ClCompile>
    <ClCompile Include="Src\World\World.cpp">
      <Filter>World</Filter>
    </ClCompile>
    <ClCompile Include="Src\Scenes\Manager\SceneManager.cpp">
      <Filter>Scenes\Manager</Filter>
    </ClCompile>
    <ClCompile Include="Src\Scenes\Manager\SceneFactory\SceneFactory.cpp">
      <Filter>Scenes\Manager\SceneFactory</Filter>
    </ClCompile>
    <ClCompile Include="Src\Scenes\Manager\Fade\Fade.cpp">
      <Filter>Scenes\Manager\Fade</Filter>
    </ClCompile>
    <ClCompile Include="Src\Scenes\Manager\BaseScene\BaseScene.cpp">
      <Filter>Scenes\Manager\BaseScene</Filter>
    </ClCompile>
    <ClCompile Include="Src\Scenes\GameScene\GameScene.cpp">
      <Filter>Scenes\GameScene</Filter>
    </ClCompile>
    <ClCompile Include="Src\Scenes\SubMenu\SubMenu.cpp">
      <Filter>Scenes\SubMenu</Filter>
    </ClCompile>
    <ClCompile Include="Src\Game\Water\Water.cpp">
      <Filter>Game\Water</Filter>
    </ClCompile>
    <ClCompile Include="Src\Scenes\Manager\SceneLoad\SceneLoad.cpp">
      <Filter>Scenes\Manager\ScceneLoad</Filter>
    </ClCompile>
    <ClCompile Include="Src\Scenes\TitleScene\TitleScene.cpp">
      <Filter>Scenes\TitleScene</Filter>
    </ClCompile>
    <ClCompile Include="Src\Game\Cloud\Cloud.cpp">
      <Filter>Game\Cloud</Filter>
    </ClCompile>
    <ClCompile Include="Src\Game\SkyDome\SkyDome.cpp">
      <Filter>Game\Skydome</Filter>
    </ClCompile>
    <ClCompile Include="Src\Camera\Camera.cpp">
      <Filter>Camera</Filter>
    </ClCompile>
    <ClCompile Include="Src\Game\CollisionManager\Sphere\Sphere.cpp">
      <Filter>Game\CollisionManager\Sphere</Filter>
    </ClCompile>
    <ClCompile Include="Src\Editor\ParticleEditor\ParticleEditor.cpp">
      <Filter>Editor</Filter>
    </ClCompile>
    <ClCompile Include="Src\Camera\DebugCamera\DebugCamera.cpp">
      <Filter>Camera\DebugCamera</Filter>
    </ClCompile>
    <ClCompile Include="Src\Game\SkyBlock\SkyBlock.cpp">
      <Filter>Game\SkyBlock</Filter>
    </ClCompile>
    <ClCompile Include="Src\Game\Player\Player.cpp">
      <Filter>Game\Player</Filter>
    </ClCompile>
    <ClCompile Include="Src\Game\Coin\Coin.cpp">
      <Filter>Game\Coin</Filter>
    </ClCompile>
    <ClCompile Include="Src\GameObject\Object.cpp">
      <Filter>GameObject</Filter>
    </ClCompile>
    <ClCompile Include="Src\GameObject\Comp\ModelRenderComp.cpp">
      <Filter>GameObject\Comp</Filter>
    </ClCompile>
    <ClCompile Include="Src\GameObject\Comp\RenderDataComp.cpp">
      <Filter>GameObject\Comp</Filter>
    </ClCompile>
    <ClCompile Include="Src\GameObject\Comp\TransformComp.cpp">
      <Filter>GameObject\Comp</Filter>
    </ClCompile>
    <ClCompile Include="Src\Level\LevelLoader.cpp">
      <Filter>Level</Filter>
    </ClCompile>
    <ClCompile Include="Src\GameObject\Comp\ObbComp.cpp">
      <Filter>GameObject\Comp</Filter>
    </ClCompile>
    <ClCompile Include="Src\GameObject\Comp\FallComp.cpp">
      <Filter>GameObject\Comp</Filter>
    </ClCompile>
    <ClCompile Include="Src\GameObject\Comp\Camera3DComp.cpp">
      <Filter>GameObject\Comp</Filter>
    </ClCompile>
    <ClCompile Include="Src\GameObject\Comp\Camera2DComp.cpp">
      <Filter>GameObject\Comp</Filter>
    </ClCompile>
    <ClCompile Include="Src\GameObject\Comp\InputMoveComp.cpp">
      <Filter>GameObject\Comp</Filter>
    </ClCompile>
    <ClCompile Include="Src\GameObject\Comp\InputJump.cpp">
      <Filter>GameObject\Comp</Filter>
    </ClCompile>
    <ClCompile Include="Src\GameObject\Manager\TransformCompUpdater.cpp">
      <Filter>GameObject\Manager</Filter>
    </ClCompile>
    <ClCompile Include="Src\GameObject\Manager\ObjectManager.cpp">
      <Filter>GameObject\Manager</Filter>
    </ClCompile>
    <ClCompile Include="Src\GameObject\Comp\ObbPushComp.cpp">
      <Filter>GameObject\Comp</Filter>
    </ClCompile>
    <ClCompile Include="Src\GameObject\Comp\EventComp.cpp">
      <Filter>GameObject\Comp</Filter>
    </ClCompile>
    <ClCompile Include="Src\GameObject\Comp\SceneChangeComp.cpp">
      <Filter>GameObject\Comp</Filter>
    </ClCompile>
    <ClCompile Include="Src\GameObject\Comp\ChildrenObjectComp.cpp">
      <Filter>GameObject\Comp</Filter>
    </ClCompile>
    <ClCompile Include="Src\GameObject\Comp\CsvDataComp.cpp">
      <Filter>GameObject\Comp</Filter>
    </ClCompile>
    <ClCompile Include="Src\GameObject\GameComp\CustomizeComp.cpp">
      <Filter>GameObject\GameComp</Filter>
    </ClCompile>
    <ClCompile Include="Src\GameObject\GameComp\PlayerComp.cpp">
      <Filter>GameObject\GameComp</Filter>
    </ClCompile>
    <ClCompile Include="Src\GameObject\Comp\JsonComp.cpp">
      <Filter>GameObject\Comp</Filter>
    </ClCompile>
  </ItemGroup>
  <ItemGroup>
    <Filter Include="GlobalVariables">
      <UniqueIdentifier>{dff28833-6a2e-4902-9a4c-e0a7cb10934b}</UniqueIdentifier>
    </Filter>
    <Filter Include="Game">
      <UniqueIdentifier>{e16d5b6d-612f-4477-b4d3-85f9d99b2ab8}</UniqueIdentifier>
    </Filter>
    <Filter Include="Game\CollisionManager">
      <UniqueIdentifier>{1451ec42-a15b-4d2f-8a7d-7edbc8a26e9b}</UniqueIdentifier>
    </Filter>
    <Filter Include="Game\CollisionManager\Collider">
      <UniqueIdentifier>{9e6dd177-5172-4dfe-bf41-1cfaa76118cd}</UniqueIdentifier>
    </Filter>
    <Filter Include="Game\CollisionManager\Obb">
      <UniqueIdentifier>{f1b87284-7f48-48e0-946d-317f4c3da22f}</UniqueIdentifier>
    </Filter>
    <Filter Include="World">
      <UniqueIdentifier>{b8981fb7-5ba2-4533-897e-e706c7dc3049}</UniqueIdentifier>
    </Filter>
    <Filter Include="Scenes">
      <UniqueIdentifier>{fad8cc50-c290-488f-b4fb-cdbad1bbd763}</UniqueIdentifier>
    </Filter>
    <Filter Include="Scenes\GameScene">
      <UniqueIdentifier>{d4d1cb10-a26f-4866-b520-1d5be8c63924}</UniqueIdentifier>
    </Filter>
    <Filter Include="Scenes\SubMenu">
      <UniqueIdentifier>{06de54b1-47bd-4884-994f-f76486248bca}</UniqueIdentifier>
    </Filter>
    <Filter Include="Scenes\Manager">
      <UniqueIdentifier>{3920a90e-0f61-4c3e-a578-f7f4a2d79fd9}</UniqueIdentifier>
    </Filter>
    <Filter Include="Scenes\Manager\BaseScene">
      <UniqueIdentifier>{09c8f465-3aff-4334-9c04-c77e3f818100}</UniqueIdentifier>
    </Filter>
    <Filter Include="Scenes\Manager\SceneFactory">
      <UniqueIdentifier>{e3cb3459-6828-4847-8a7d-6269ce3a1eba}</UniqueIdentifier>
    </Filter>
    <Filter Include="Scenes\Manager\Fade">
      <UniqueIdentifier>{fc86e848-5d67-4732-9a7d-9ea0a4889d0f}</UniqueIdentifier>
    </Filter>
    <Filter Include="Editor">
      <UniqueIdentifier>{38830fbd-b2f4-43bb-85ce-ccfa08c65319}</UniqueIdentifier>
    </Filter>
    <Filter Include="Game\CollisionManager\Plane">
      <UniqueIdentifier>{268eefac-748b-4452-b6c2-10e06349215c}</UniqueIdentifier>
    </Filter>
    <Filter Include="Game\Water">
      <UniqueIdentifier>{db170fba-cd99-4b05-a820-35cea969012a}</UniqueIdentifier>
    </Filter>
    <Filter Include="Scenes\Manager\ScceneLoad">
      <UniqueIdentifier>{a02d4342-6cbd-4359-83a6-e378d8c3ef88}</UniqueIdentifier>
    </Filter>
    <Filter Include="Scenes\TitleScene">
      <UniqueIdentifier>{33349c28-9ac6-4102-a517-2aca4afde131}</UniqueIdentifier>
    </Filter>
    <Filter Include="Game\Cloud">
      <UniqueIdentifier>{b9dbfc0b-e0eb-4bb3-b034-5e2f0dd99092}</UniqueIdentifier>
    </Filter>
    <Filter Include="Game\Skydome">
      <UniqueIdentifier>{3a7d72dd-98b1-426d-8ded-365ff6fff89b}</UniqueIdentifier>
    </Filter>
    <Filter Include="Camera">
      <UniqueIdentifier>{31e5ecf8-6bc1-4f5a-97ce-394f3988c342}</UniqueIdentifier>
    </Filter>
    <Filter Include="Game\CollisionManager\Sphere">
      <UniqueIdentifier>{03d14d68-3998-48a1-950b-d7aa4dec5fed}</UniqueIdentifier>
    </Filter>
    <Filter Include="Camera\DebugCamera">
      <UniqueIdentifier>{ed4f98cb-62c8-411f-9815-e88decbfbcdc}</UniqueIdentifier>
    </Filter>
    <Filter Include="Game\SkyBlock">
      <UniqueIdentifier>{ef39c624-d31b-4fc2-86a4-cc0366782860}</UniqueIdentifier>
    </Filter>
    <Filter Include="Game\Player">
      <UniqueIdentifier>{dc376baf-7d16-46b1-a3ef-b258172c0b20}</UniqueIdentifier>
    </Filter>
    <Filter Include="Game\Coin">
      <UniqueIdentifier>{b499dd18-c71b-43fe-b48e-a5f00311c7c4}</UniqueIdentifier>
    </Filter>
    <Filter Include="GameObject">
      <UniqueIdentifier>{e5c92456-0708-4165-9d68-847d8014d2ff}</UniqueIdentifier>
    </Filter>
    <Filter Include="GameObject\Comp">
      <UniqueIdentifier>{e4b79d00-bb6c-4437-be7f-657e660eae2e}</UniqueIdentifier>
    </Filter>
    <Filter Include="Level">
      <UniqueIdentifier>{c64135c3-3f27-4633-8ec5-9da98995a1b5}</UniqueIdentifier>
    </Filter>
    <Filter Include="GameObject\Manager">
      <UniqueIdentifier>{2795ad23-5238-41cd-b501-ec1d9cd1431c}</UniqueIdentifier>
    </Filter>
    <Filter Include="Game\Manager">
      <UniqueIdentifier>{66e69158-e7eb-4378-bcd3-bc17939d8612}</UniqueIdentifier>
    </Filter>
    <Filter Include="GameObject\GameComp">
      <UniqueIdentifier>{2a763632-eaec-4f7e-9876-f077f915962c}</UniqueIdentifier>
    </Filter>
  </ItemGroup>
  <ItemGroup>
    <ClInclude Include="Src\GlobalVariables\GlobalVariables.h">
      <Filter>GlobalVariables</Filter>
    </ClInclude>
    <ClInclude Include="Src\Game\CollisionManager\CollisionManager.h">
      <Filter>Game\CollisionManager</Filter>
    </ClInclude>
    <ClInclude Include="Src\Game\CollisionManager\Collider\Collider.h">
      <Filter>Game\CollisionManager\Collider</Filter>
    </ClInclude>
    <ClInclude Include="Src\Game\CollisionManager\Obb\Obb.h">
      <Filter>Game\CollisionManager\Obb</Filter>
    </ClInclude>
    <ClInclude Include="Src\Game\CollisionManager\Plane\Plane.h">
      <Filter>Game\CollisionManager\Plane</Filter>
    </ClInclude>
    <ClInclude Include="Src\World\World.h">
      <Filter>World</Filter>
    </ClInclude>
    <ClInclude Include="Src\Scenes\Manager\SceneManager.h">
      <Filter>Scenes\Manager</Filter>
    </ClInclude>
    <ClInclude Include="Src\Scenes\Manager\SceneFactory\SceneFactory.h">
      <Filter>Scenes\Manager\SceneFactory</Filter>
    </ClInclude>
    <ClInclude Include="Src\Scenes\Manager\Fade\Fade.h">
      <Filter>Scenes\Manager\Fade</Filter>
    </ClInclude>
    <ClInclude Include="Src\Scenes\Manager\BaseScene\BaseScene.h">
      <Filter>Scenes\Manager\BaseScene</Filter>
    </ClInclude>
    <ClInclude Include="Src\Scenes\GameScene\GameScene.h">
      <Filter>Scenes\GameScene</Filter>
    </ClInclude>
    <ClInclude Include="Src\Scenes\SubMenu\SubMenu.h">
      <Filter>Scenes\SubMenu</Filter>
    </ClInclude>
    <ClInclude Include="Src\Game\Water\Water.h">
      <Filter>Game\Water</Filter>
    </ClInclude>
    <ClInclude Include="Src\Scenes\Manager\SceneLoad\SceneLoad.h">
      <Filter>Scenes\Manager\ScceneLoad</Filter>
    </ClInclude>
    <ClInclude Include="Src\Scenes\TitleScene\TitleScene.h">
      <Filter>Scenes\TitleScene</Filter>
    </ClInclude>
    <ClInclude Include="Src\Game\Cloud\Cloud.h">
      <Filter>Game\Cloud</Filter>
    </ClInclude>
    <ClInclude Include="Src\Game\SkyDome\SkyDome.h">
      <Filter>Game\Skydome</Filter>
    </ClInclude>
    <ClInclude Include="Src\Camera\Camera.h">
      <Filter>Camera</Filter>
    </ClInclude>
    <ClInclude Include="Src\Game\CollisionManager\Sphere\Sphere.h">
      <Filter>Game\CollisionManager\Sphere</Filter>
    </ClInclude>
    <ClInclude Include="Src\Editor\ParticleEditor\ParticleEditor.h">
      <Filter>Editor</Filter>
    </ClInclude>
    <ClInclude Include="Src\Camera\DebugCamera\DebugCamera.h">
      <Filter>Camera\DebugCamera</Filter>
    </ClInclude>
    <ClInclude Include="Src\Game\SkyBlock\SkyBlock.h">
      <Filter>Game\SkyBlock</Filter>
    </ClInclude>
    <ClInclude Include="Src\Game\Player\Player.h">
      <Filter>Game\Player</Filter>
    </ClInclude>
    <ClInclude Include="Src\Game\Coin\Coin.h">
      <Filter>Game\Coin</Filter>
    </ClInclude>
    <ClInclude Include="Src\GameObject\Object.h">
      <Filter>GameObject</Filter>
    </ClInclude>
    <ClInclude Include="Src\GameObject\Comp\ModelRenderComp.h">
      <Filter>GameObject\Comp</Filter>
    </ClInclude>
    <ClInclude Include="Src\GameObject\Comp\RenderDataComp.h">
      <Filter>GameObject\Comp</Filter>
    </ClInclude>
    <ClInclude Include="Src\GameObject\Comp\TransformComp.h">
      <Filter>GameObject\Comp</Filter>
    </ClInclude>
    <ClInclude Include="Src\Level\LevelLoader.h">
      <Filter>Level</Filter>
    </ClInclude>
    <ClInclude Include="Src\Level\LevelData.h">
      <Filter>Level</Filter>
    </ClInclude>
    <ClInclude Include="Src\GameObject\Comp\ObbComp.h">
      <Filter>GameObject\Comp</Filter>
    </ClInclude>
    <ClInclude Include="Src\GameObject\Comp\FallComp.h">
      <Filter>GameObject\Comp</Filter>
    </ClInclude>
    <ClInclude Include="Src\GameObject\Comp\Camera3DComp.h">
      <Filter>GameObject\Comp</Filter>
    </ClInclude>
    <ClInclude Include="Src\GameObject\Comp\Camera2DComp.h">
      <Filter>GameObject\Comp</Filter>
    </ClInclude>
    <ClInclude Include="Src\GameObject\Comp\InputMoveComp.h">
      <Filter>GameObject\Comp</Filter>
    </ClInclude>
    <ClInclude Include="Src\GameObject\Comp\InputJump.h">
      <Filter>GameObject\Comp</Filter>
    </ClInclude>
    <ClInclude Include="Src\GameObject\Manager\TransformCompUpdater.h">
      <Filter>GameObject\Manager</Filter>
    </ClInclude>
    <ClInclude Include="Src\GameObject\Manager\ObjectManager.h">
      <Filter>GameObject\Manager</Filter>
    </ClInclude>
    <ClInclude Include="Src\GameObject\Comp\ObbPushComp.h">
      <Filter>GameObject\Comp</Filter>
    </ClInclude>
    <ClInclude Include="Src\GameObject\Comp\EventComp.h">
      <Filter>GameObject\Comp</Filter>
    </ClInclude>
    <ClInclude Include="Src\GameObject\Comp\SceneChangeComp.h">
      <Filter>GameObject\Comp</Filter>
    </ClInclude>
    <ClInclude Include="Src\GameObject\Comp\ChildrenObjectComp.h">
      <Filter>GameObject\Comp</Filter>
    </ClInclude>
    <ClInclude Include="Src\GameObject\Comp\CsvDataComp.h">
      <Filter>GameObject\Comp</Filter>
    </ClInclude>
    <ClInclude Include="Src\GameObject\GameComp\CustomizeComp.h">
      <Filter>GameObject\GameComp</Filter>
    </ClInclude>
    <ClInclude Include="Src\GameObject\GameComp\PlayerComp.h">
      <Filter>GameObject\GameComp</Filter>
    </ClInclude>
    <ClInclude Include="Src\GameObject\Comp\JsonComp.h">
      <Filter>GameObject\Comp</Filter>
    </ClInclude>
  </ItemGroup>
</Project>